{
  "requires": true,
  "lockfileVersion": 1,
  "dependencies": {
    "gitbook-plugin-splitter": {
      "version": "0.0.8",
      "resolved": "https://registry.npmjs.org/gitbook-plugin-splitter/-/gitbook-plugin-splitter-0.0.8.tgz",
      "integrity": "sha1-8rBRMGD8kma0awQYLk7KHUtx+vw="
    }
  }
}
